
Microsoft Visual Studio Solution File, Format Version 12.00
# Visual Studio 15
VisualStudioVersion = 15.0.26124.0
MinimumVisualStudioVersion = 15.0.26124.0
Project("{FAE04EC0-301F-11D3-BF4B-00C04F79EFBC}") = "SolarCoffe.Data", "SolarCoffe.Data\SolarCoffe.Data.csproj", "{60F779F4-5D68-4D4C-A03D-AE9949414119}"
EndProject
Project("{FAE04EC0-301F-11D3-BF4B-00C04F79EFBC}") = "SolarCoffe.Test", "SolarCoffe.Test\SolarCoffe.Test.csproj", "{BD234A0A-3175-4E00-8F5D-A33413521EBE}"
EndProject
Project("{FAE04EC0-301F-11D3-BF4B-00C04F79EFBC}") = "SolarCoffe.Web", "SolarCoffe.Web\SolarCoffe.Web.csproj", "{C9BC3239-727B-4BDA-AFAE-C58599C821BE}"
EndProject
Project("{FAE04EC0-301F-11D3-BF4B-00C04F79EFBC}") = "SolarCoffee.Services", "SolarCoffee.Services\SolarCoffee.Services.csproj", "{04BAD434-6283-4E3D-B62E-93A87B83A09E}"
EndProject
Global
	GlobalSection(SolutionConfigurationPlatforms) = preSolution
		Debug|Any CPU = Debug|Any CPU
		Debug|x64 = Debug|x64
		Debug|x86 = Debug|x86
		Release|Any CPU = Release|Any CPU
		Release|x64 = Release|x64
		Release|x86 = Release|x86
	EndGlobalSection
	GlobalSection(SolutionProperties) = preSolution
		HideSolutionNode = FALSE
	EndGlobalSection
	GlobalSection(ProjectConfigurationPlatforms) = postSolution
		{60F779F4-5D68-4D4C-A03D-AE9949414119}.Debug|Any CPU.ActiveCfg = Debug|Any CPU
		{60F779F4-5D68-4D4C-A03D-AE9949414119}.Debug|Any CPU.Build.0 = Debug|Any CPU
		{60F779F4-5D68-4D4C-A03D-AE9949414119}.Debug|x64.ActiveCfg = Debug|Any CPU
		{60F779F4-5D68-4D4C-A03D-AE9949414119}.Debug|x64.Build.0 = Debug|Any CPU
		{60F779F4-5D68-4D4C-A03D-AE9949414119}.Debug|x86.ActiveCfg = Debug|Any CPU
		{60F779F4-5D68-4D4C-A03D-AE9949414119}.Debug|x86.Build.0 = Debug|Any CPU
		{60F779F4-5D68-4D4C-A03D-AE9949414119}.Release|Any CPU.ActiveCfg = Release|Any CPU
		{60F779F4-5D68-4D4C-A03D-AE9949414119}.Release|Any CPU.Build.0 = Release|Any CPU
		{60F779F4-5D68-4D4C-A03D-AE9949414119}.Release|x64.ActiveCfg = Release|Any CPU
		{60F779F4-5D68-4D4C-A03D-AE9949414119}.Release|x64.Build.0 = Release|Any CPU
		{60F779F4-5D68-4D4C-A03D-AE9949414119}.Release|x86.ActiveCfg = Release|Any CPU
		{60F779F4-5D68-4D4C-A03D-AE9949414119}.Release|x86.Build.0 = Release|Any CPU
		{BD234A0A-3175-4E00-8F5D-A33413521EBE}.Debug|Any CPU.ActiveCfg = Debug|Any CPU
		{BD234A0A-3175-4E00-8F5D-A33413521EBE}.Debug|Any CPU.Build.0 = Debug|Any CPU
		{BD234A0A-3175-4E00-8F5D-A33413521EBE}.Debug|x64.ActiveCfg = Debug|Any CPU
		{BD234A0A-3175-4E00-8F5D-A33413521EBE}.Debug|x64.Build.0 = Debug|Any CPU
		{BD234A0A-3175-4E00-8F5D-A33413521EBE}.Debug|x86.ActiveCfg = Debug|Any CPU
		{BD234A0A-3175-4E00-8F5D-A33413521EBE}.Debug|x86.Build.0 = Debug|Any CPU
		{BD234A0A-3175-4E00-8F5D-A33413521EBE}.Release|Any CPU.ActiveCfg = Release|Any CPU
		{BD234A0A-3175-4E00-8F5D-A33413521EBE}.Release|Any CPU.Build.0 = Release|Any CPU
		{BD234A0A-3175-4E00-8F5D-A33413521EBE}.Release|x64.ActiveCfg = Release|Any CPU
		{BD234A0A-3175-4E00-8F5D-A33413521EBE}.Release|x64.Build.0 = Release|Any CPU
		{BD234A0A-3175-4E00-8F5D-A33413521EBE}.Release|x86.ActiveCfg = Release|Any CPU
		{BD234A0A-3175-4E00-8F5D-A33413521EBE}.Release|x86.Build.0 = Release|Any CPU
		{C9BC3239-727B-4BDA-AFAE-C58599C821BE}.Debug|Any CPU.ActiveCfg = Debug|Any CPU
		{C9BC3239-727B-4BDA-AFAE-C58599C821BE}.Debug|Any CPU.Build.0 = Debug|Any CPU
		{C9BC3239-727B-4BDA-AFAE-C58599C821BE}.Debug|x64.ActiveCfg = Debug|Any CPU
		{C9BC3239-727B-4BDA-AFAE-C58599C821BE}.Debug|x64.Build.0 = Debug|Any CPU
		{C9BC3239-727B-4BDA-AFAE-C58599C821BE}.Debug|x86.ActiveCfg = Debug|Any CPU
		{C9BC3239-727B-4BDA-AFAE-C58599C821BE}.Debug|x86.Build.0 = Debug|Any CPU
		{C9BC3239-727B-4BDA-AFAE-C58599C821BE}.Release|Any CPU.ActiveCfg = Release|Any CPU
		{C9BC3239-727B-4BDA-AFAE-C58599C821BE}.Release|Any CPU.Build.0 = Release|Any CPU
		{C9BC3239-727B-4BDA-AFAE-C58599C821BE}.Release|x64.ActiveCfg = Release|Any CPU
		{C9BC3239-727B-4BDA-AFAE-C58599C821BE}.Release|x64.Build.0 = Release|Any CPU
		{C9BC3239-727B-4BDA-AFAE-C58599C821BE}.Release|x86.ActiveCfg = Release|Any CPU
		{C9BC3239-727B-4BDA-AFAE-C58599C821BE}.Release|x86.Build.0 = Release|Any CPU
		{04BAD434-6283-4E3D-B62E-93A87B83A09E}.Debug|Any CPU.ActiveCfg = Debug|Any CPU
		{04BAD434-6283-4E3D-B62E-93A87B83A09E}.Debug|Any CPU.Build.0 = Debug|Any CPU
		{04BAD434-6283-4E3D-B62E-93A87B83A09E}.Debug|x64.ActiveCfg = Debug|Any CPU
		{04BAD434-6283-4E3D-B62E-93A87B83A09E}.Debug|x64.Build.0 = Debug|Any CPU
		{04BAD434-6283-4E3D-B62E-93A87B83A09E}.Debug|x86.ActiveCfg = Debug|Any CPU
		{04BAD434-6283-4E3D-B62E-93A87B83A09E}.Debug|x86.Build.0 = Debug|Any CPU
		{04BAD434-6283-4E3D-B62E-93A87B83A09E}.Release|Any CPU.ActiveCfg = Release|Any CPU
		{04BAD434-6283-4E3D-B62E-93A87B83A09E}.Release|Any CPU.Build.0 = Release|Any CPU
		{04BAD434-6283-4E3D-B62E-93A87B83A09E}.Release|x64.ActiveCfg = Release|Any CPU
		{04BAD434-6283-4E3D-B62E-93A87B83A09E}.Release|x64.Build.0 = Release|Any CPU
		{04BAD434-6283-4E3D-B62E-93A87B83A09E}.Release|x86.ActiveCfg = Release|Any CPU
		{04BAD434-6283-4E3D-B62E-93A87B83A09E}.Release|x86.Build.0 = Release|Any CPU
	EndGlobalSection
EndGlobal
